// !$*UTF8*$!
{
	archiveVersion = 1;
	classes = {
	};
	objectVersion = 77;
	objects = {

/* Begin PBXBuildFile section */
		B4D2C8672F9F745400CC1C7A /* OpenCC Extension.appex in Embed Foundation Extensions */ = {isa = PBXBuildFile; fileRef = B4D2C8662F9F745400CC1C7A /* OpenCC Extension.appex */; settings = {ATTRIBUTES = (RemoveHeadersOnCopy, ); }; };
		B4D2C8712F9F745400CC1C7A /* OpenCC Extension.appex in Embed Foundation Extensions */ = {isa = PBXBuildFile; fileRef = B4D2C8702F9F745400CC1C7A /* OpenCC Extension.appex */; settings = {ATTRIBUTES = (RemoveHeadersOnCopy, ); }; };
/* End PBXBuildFile section */

/* Begin PBXContainerItemProxy section */
		B4D2C8682F9F745400CC1C7A /* PBXContainerItemProxy */ = {
			isa = PBXContainerItemProxy;
			containerPortal = B4D2C82D2F9F745300CC1C7A /* Project object */;
			proxyType = 1;
			remoteGlobalIDString = B4D2C8652F9F745400CC1C7A;
			remoteInfo = "OpenCC Extension (iOS)";
		};
		B4D2C8722F9F745400CC1C7A /* PBXContainerItemProxy */ = {
			isa = PBXContainerItemProxy;
			containerPortal = B4D2C82D2F9F745300CC1C7A /* Project object */;
			proxyType = 1;
			remoteGlobalIDString = B4D2C86F2F9F745400CC1C7A;
			remoteInfo = "OpenCC Extension (macOS)";
		};
/* End PBXContainerItemProxy section */

/* Begin PBXCopyFilesBuildPhase section */
		B4D2C8992F9F745400CC1C7A /* Embed Foundation Extensions */ = {
			isa = PBXCopyFilesBuildPhase;
			buildActionMask = 2147483647;
			dstPath = "";
			dstSubfolderSpec = 13;
			files = (
				B4D2C8672F9F745400CC1C7A /* OpenCC Extension.appex in Embed Foundation Extensions */,
			);
			name = "Embed Foundation Extensions";
			runOnlyForDeploymentPostprocessing = 0;
		};
		B4D2C8A32F9F745400CC1C7A /* Embed Foundation Extensions */ = {
			isa = PBXCopyFilesBuildPhase;
			buildActionMask = 2147483647;
			dstPath = "";
			dstSubfolderSpec = 13;
			files = (
				B4D2C8712F9F745400CC1C7A /* OpenCC Extension.appex in Embed Foundation Extensions */,
			);
			name = "Embed Foundation Extensions";
			runOnlyForDeploymentPostprocessing = 0;
		};
/* End PBXCopyFilesBuildPhase section */

/* Begin PBXFileReference section */
		B41C201A2F9FA476007D2DF6 /* OpenCC--macOS--Info.plist */ = {isa = PBXFileReference; lastKnownFileType = text.plist; path = "OpenCC--macOS--Info.plist"; sourceTree = "<group>"; };
		B46825042F9F7B630077FCF2 /* WORKFLOW.md */ = {isa = PBXFileReference; lastKnownFileType = net.daringfireball.markdown; path = WORKFLOW.md; sourceTree = "<group>"; };
		B46832282F9F7DBB000C10FB /* AGENTS.md */ = {isa = PBXFileReference; lastKnownFileType = net.daringfireball.markdown; path = AGENTS.md; sourceTree = "<group>"; };
		B46832372F9F97A4000C10FB /* README.md */ = {isa = PBXFileReference; lastKnownFileType = net.daringfireball.markdown; path = README.md; sourceTree = "<group>"; };
		B4D2C8492F9F745400CC1C7A /* OpenCC.app */ = {isa = PBXFileReference; explicitFileType = wrapper.application; includeInIndex = 0; path = OpenCC.app; sourceTree = BUILT_PRODUCTS_DIR; };
		B4D2C85B2F9F745400CC1C7A /* OpenCC.app */ = {isa = PBXFileReference; explicitFileType = wrapper.application; includeInIndex = 0; path = OpenCC.app; sourceTree = BUILT_PRODUCTS_DIR; };
		B4D2C8662F9F745400CC1C7A /* OpenCC Extension.appex */ = {isa = PBXFileReference; explicitFileType = "wrapper.app-extension"; includeInIndex = 0; path = "OpenCC Extension.appex"; sourceTree = BUILT_PRODUCTS_DIR; };
		B4D2C8702F9F745400CC1C7A /* OpenCC Extension.appex */ = {isa = PBXFileReference; explicitFileType = "wrapper.app-extension"; includeInIndex = 0; path = "OpenCC Extension.appex"; sourceTree = BUILT_PRODUCTS_DIR; };
/* End PBXFileReference section */

/* Begin PBXFileSystemSynchronizedBuildFileExceptionSet section */
		B4D2C8942F9F745400CC1C7A /* Exceptions for "Shared (App)" folder in "OpenCC (iOS)" target */ = {
			isa = PBXFileSystemSynchronizedBuildFileExceptionSet;
			membershipExceptions = (
				App.swift,
				AppIcon.icon,
				Assets.xcassets,
				Localizable.xcstrings,
				SettingsView.swift,
				ViewModel.swift,
			);
			target = B4D2C8482F9F745400CC1C7A /* OpenCC (iOS) */;
		};
		B4D2C8982F9F745400CC1C7A /* Exceptions for "iOS (Extension)" folder in "OpenCC Extension (iOS)" target */ = {
			isa = PBXFileSystemSynchronizedBuildFileExceptionSet;
			membershipExceptions = (
				Info.plist,
			);
			target = B4D2C8652F9F745400CC1C7A /* OpenCC Extension (iOS) */;
		};
		B4D2C89D2F9F745400CC1C7A /* Exceptions for "iOS (App)" folder in "OpenCC (iOS)" target */ = {
			isa = PBXFileSystemSynchronizedBuildFileExceptionSet;
			membershipExceptions = (
				Info.plist,
			);
			target = B4D2C8482F9F745400CC1C7A /* OpenCC (iOS) */;
		};
		B4D2C89E2F9F745400CC1C7A /* Exceptions for "Shared (App)" folder in "OpenCC (macOS)" target */ = {
			isa = PBXFileSystemSynchronizedBuildFileExceptionSet;
			membershipExceptions = (
				App.swift,
				AppIcon.icon,
				Assets.xcassets,
				Localizable.xcstrings,
				SettingsView.swift,
				ViewModel.swift,
			);
			target = B4D2C85A2F9F745400CC1C7A /* OpenCC (macOS) */;
		};
		B4D2C8A22F9F745400CC1C7A /* Exceptions for "macOS (Extension)" folder in "OpenCC Extension (macOS)" target */ = {
			isa = PBXFileSystemSynchronizedBuildFileExceptionSet;
			membershipExceptions = (
				Info.plist,
			);
			target = B4D2C86F2F9F745400CC1C7A /* OpenCC Extension (macOS) */;
		};
		B4D2C8A72F9F745400CC1C7A /* Exceptions for "Shared (Extension)" folder in "OpenCC Extension (iOS)" target */ = {
			isa = PBXFileSystemSynchronizedBuildFileExceptionSet;
			membershipExceptions = (
				Resources/_locales,
				Resources/background.js,
				Resources/content.js,
				Resources/images,
				Resources/manifest.json,
				"Resources/opencc-full.js",
				Resources/popup.css,
				Resources/popup.html,
				Resources/popup.js,
				SafariWebExtensionHandler.swift,
			);
			target = B4D2C8652F9F745400CC1C7A /* OpenCC Extension (iOS) */;
		};
		B4D2C8A82F9F745400CC1C7A /* Exceptions for "Shared (Extension)" folder in "OpenCC Extension (macOS)" target */ = {
			isa = PBXFileSystemSynchronizedBuildFileExceptionSet;
			membershipExceptions = (
				Resources/_locales,
				Resources/background.js,
				Resources/content.js,
				Resources/images,
				Resources/manifest.json,
				"Resources/opencc-full.js",
				Resources/popup.css,
				Resources/popup.html,
				Resources/popup.js,
				SafariWebExtensionHandler.swift,
			);
			target = B4D2C86F2F9F745400CC1C7A /* OpenCC Extension (macOS) */;
		};
/* End PBXFileSystemSynchronizedBuildFileExceptionSet section */

/* Begin PBXFileSystemSynchronizedRootGroup section */
		B4D2C8312F9F745300CC1C7A /* Shared (App) */ = {
			isa = PBXFileSystemSynchronizedRootGroup;
			exceptions = (
				B4D2C8942F9F745400CC1C7A /* Exceptions for "Shared (App)" folder in "OpenCC (iOS)" target */,
				B4D2C89E2F9F745400CC1C7A /* Exceptions for "Shared (App)" folder in "OpenCC (macOS)" target */,
			);
			path = "Shared (App)";
			sourceTree = "<group>";
		};
		B4D2C83A2F9F745400CC1C7A /* Shared (Extension) */ = {
			isa = PBXFileSystemSynchronizedRootGroup;
			exceptions = (
				B4D2C8A72F9F745400CC1C7A /* Exceptions for "Shared (Extension)" folder in "OpenCC Extension (iOS)" target */,
				B4D2C8A82F9F745400CC1C7A /* Exceptions for "Shared (Extension)" folder in "OpenCC Extension (macOS)" target */,
			);
			explicitFolders = (
				Resources/_locales,
				Resources/images,
			);
			path = "Shared (Extension)";
			sourceTree = "<group>";
		};
		B4D2C84B2F9F745400CC1C7A /* iOS (App) */ = {
			isa = PBXFileSystemSynchronizedRootGroup;
			exceptions = (
				B4D2C89D2F9F745400CC1C7A /* Exceptions for "iOS (App)" folder in "OpenCC (iOS)" target */,
			);
			path = "iOS (App)";
			sourceTree = "<group>";
		};
		B4D2C85C2F9F745400CC1C7A /* macOS (App) */ = {
			isa = PBXFileSystemSynchronizedRootGroup;
			path = "macOS (App)";
			sourceTree = "<group>";
		};
		B4D2C86A2F9F745400CC1C7A /* iOS (Extension) */ = {
			isa = PBXFileSystemSynchronizedRootGroup;
			exceptions = (
				B4D2C8982F9F745400CC1C7A /* Exceptions for "iOS (Extension)" folder in "OpenCC Extension (iOS)" target */,
			);
			path = "iOS (Extension)";
			sourceTree = "<group>";
		};
		B4D2C8742F9F745400CC1C7A /* macOS (Extension) */ = {
			isa = PBXFileSystemSynchronizedRootGroup;
			exceptions = (
				B4D2C8A22F9F745400CC1C7A /* Exceptions for "macOS (Extension)" folder in "OpenCC Extension (macOS)" target */,
			);
			path = "macOS (Extension)";
			sourceTree = "<group>";
		};
/* End PBXFileSystemSynchronizedRootGroup section */

/* Begin PBXFrameworksBuildPhase section */
		B4D2C8462F9F745400CC1C7A /* Frameworks */ = {
			isa = PBXFrameworksBuildPhase;
			buildActionMask = 2147483647;
			files = (
			);
			runOnlyForDeploymentPostprocessing = 0;
		};
		B4D2C8582F9F745400CC1C7A /* Frameworks */ = {
			isa = PBXFrameworksBuildPhase;
			buildActionMask = 2147483647;
			files = (
			);
			runOnlyForDeploymentPostprocessing = 0;
		};
		B4D2C8632F9F745400CC1C7A /* Frameworks */ = {
			isa = PBXFrameworksBuildPhase;
			buildActionMask = 2147483647;
			files = (
			);
			runOnlyForDeploymentPostprocessing = 0;
		};
		B4D2C86D2F9F745400CC1C7A /* Frameworks */ = {
			isa = PBXFrameworksBuildPhase;
			buildActionMask = 2147483647;
			files = (
			);
			runOnlyForDeploymentPostprocessing = 0;
		};
/* End PBXFrameworksBuildPhase section */

/* Begin PBXGroup section */
		B4D2C82C2F9F745300CC1C7A = {
			isa = PBXGroup;
			children = (
				B41C201A2F9FA476007D2DF6 /* OpenCC--macOS--Info.plist */,
				B4D2C8312F9F745300CC1C7A /* Shared (App) */,
				B4D2C83A2F9F745400CC1C7A /* Shared (Extension) */,
				B4D2C84B2F9F745400CC1C7A /* iOS (App) */,
				B4D2C85C2F9F745400CC1C7A /* macOS (App) */,
				B4D2C86A2F9F745400CC1C7A /* iOS (Extension) */,
				B4D2C8742F9F745400CC1C7A /* macOS (Extension) */,
				B4D2C84A2F9F745400CC1C7A /* Products */,
				B46825042F9F7B630077FCF2 /* WORKFLOW.md */,
				B46832282F9F7DBB000C10FB /* AGENTS.md */,
				B46832372F9F97A4000C10FB /* README.md */,
			);
			sourceTree = "<group>";
		};
		B4D2C84A2F9F745400CC1C7A /* Products */ = {
			isa = PBXGroup;
			children = (
				B4D2C8492F9F745400CC1C7A /* OpenCC.app */,
				B4D2C85B2F9F745400CC1C7A /* OpenCC.app */,
				B4D2C8662F9F745400CC1C7A /* OpenCC Extension.appex */,
				B4D2C8702F9F745400CC1C7A /* OpenCC Extension.appex */,
			);
			name = Products;
			sourceTree = "<group>";
		};
/* End PBXGroup section */

/* Begin PBXNativeTarget section */
		B4D2C8482F9F745400CC1C7A /* OpenCC (iOS) */ = {
			isa = PBXNativeTarget;
			buildConfigurationList = B4D2C89A2F9F745400CC1C7A /* Build configuration list for PBXNativeTarget "OpenCC (iOS)" */;
			buildPhases = (
				B4D2C8452F9F745400CC1C7A /* Sources */,
				B4D2C8462F9F745400CC1C7A /* Frameworks */,
				B4D2C8472F9F745400CC1C7A /* Resources */,
				B4D2C8992F9F745400CC1C7A /* Embed Foundation Extensions */,
			);
			buildRules = (
			);
			dependencies = (
				B4D2C8692F9F745400CC1C7A /* PBXTargetDependency */,
			);
			fileSystemSynchronizedGroups = (
				B4D2C84B2F9F745400CC1C7A /* iOS (App) */,
			);
			name = "OpenCC (iOS)";
			packageProductDependencies = (
			);
			productName = "OpenCC (iOS)";
			productReference = B4D2C8492F9F745400CC1C7A /* OpenCC.app */;
			productType = "com.apple.product-type.application";
		};
		B4D2C85A2F9F745400CC1C7A /* OpenCC (macOS) */ = {
			isa = PBXNativeTarget;
			buildConfigurationList = B4D2C8A42F9F745400CC1C7A /* Build configuration list for PBXNativeTarget "OpenCC (macOS)" */;
			buildPhases = (
				B4D2C8572F9F745400CC1C7A /* Sources */,
				B4D2C8582F9F745400CC1C7A /* Frameworks */,
				B4D2C8592F9F745400CC1C7A /* Resources */,
				B4D2C8A32F9F745400CC1C7A /* Embed Foundation Extensions */,
			);
			buildRules = (
			);
			dependencies = (
				B4D2C8732F9F745400CC1C7A /* PBXTargetDependency */,
			);
			fileSystemSynchronizedGroups = (
				B4D2C85C2F9F745400CC1C7A /* macOS (App) */,
			);
			name = "OpenCC (macOS)";
			packageProductDependencies = (
			);
			productName = "OpenCC (macOS)";
			productReference = B4D2C85B2F9F745400CC1C7A /* OpenCC.app */;
			productType = "com.apple.product-type.application";
		};
		B4D2C8652F9F745400CC1C7A /* OpenCC Extension (iOS) */ = {
			isa = PBXNativeTarget;
			buildConfigurationList = B4D2C8952F9F745400CC1C7A /* Build configuration list for PBXNativeTarget "OpenCC Extension (iOS)" */;
			buildPhases = (
				B4D2C8622F9F745400CC1C7A /* Sources */,
				B4D2C8632F9F745400CC1C7A /* Frameworks */,
				B4D2C8642F9F745400CC1C7A /* Resources */,
			);
			buildRules = (
			);
			dependencies = (
			);
			fileSystemSynchronizedGroups = (
				B4D2C86A2F9F745400CC1C7A /* iOS (Extension) */,
			);
			name = "OpenCC Extension (iOS)";
			packageProductDependencies = (
			);
			productName = "OpenCC Extension (iOS)";
			productReference = B4D2C8662F9F745400CC1C7A /* OpenCC Extension.appex */;
			productType = "com.apple.product-type.app-extension";
		};
		B4D2C86F2F9F745400CC1C7A /* OpenCC Extension (macOS) */ = {
			isa = PBXNativeTarget;
			buildConfigurationList = B4D2C89F2F9F745400CC1C7A /* Build configuration list for PBXNativeTarget "OpenCC Extension (macOS)" */;
			buildPhases = (
				B4D2C86C2F9F745400CC1C7A /* Sources */,
				B4D2C86D2F9F745400CC1C7A /* Frameworks */,
				B4D2C86E2F9F745400CC1C7A /* Resources */,
			);
			buildRules = (
			);
			dependencies = (
			);
			fileSystemSynchronizedGroups = (
				B4D2C8742F9F745400CC1C7A /* macOS (Extension) */,
			);
			name = "OpenCC Extension (macOS)";
			packageProductDependencies = (
			);
			productName = "OpenCC Extension (macOS)";
			productReference = B4D2C8702F9F745400CC1C7A /* OpenCC Extension.appex */;
			productType = "com.apple.product-type.app-extension";
		};
/* End PBXNativeTarget section */

/* Begin PBXProject section */
		B4D2C82D2F9F745300CC1C7A /* Project object */ = {
			isa = PBXProject;
			attributes = {
				BuildIndependentTargetsInParallel = 1;
				LastSwiftUpdateCheck = 2640;
				LastUpgradeCheck = 2640;
				TargetAttributes = {
					B4D2C8482F9F745400CC1C7A = {
						CreatedOnToolsVersion = 26.4.1;
					};
					B4D2C85A2F9F745400CC1C7A = {
						CreatedOnToolsVersion = 26.4.1;
					};
					B4D2C8652F9F745400CC1C7A = {
						CreatedOnToolsVersion = 26.4.1;
					};
					B4D2C86F2F9F745400CC1C7A = {
						CreatedOnToolsVersion = 26.4.1;
					};
				};
			};
			buildConfigurationList = B4D2C8302F9F745300CC1C7A /* Build configuration list for PBXProject "OpenCC" */;
			developmentRegion = en;
			hasScannedForEncodings = 0;
			knownRegions = (
				en,
				Base,
				"zh-HK",
				"zh-Hans",
				"zh-Hant",
			);
			mainGroup = B4D2C82C2F9F745300CC1C7A;
			minimizedProjectReferenceProxies = 1;
			preferredProjectObjectVersion = 77;
			productRefGroup = B4D2C84A2F9F745400CC1C7A /* Products */;
			projectDirPath = "";
			projectRoot = "";
			targets = (
				B4D2C8482F9F745400CC1C7A /* OpenCC (iOS) */,
				B4D2C85A2F9F745400CC1C7A /* OpenCC (macOS) */,
				B4D2C8652F9F745400CC1C7A /* OpenCC Extension (iOS) */,
				B4D2C86F2F9F745400CC1C7A /* OpenCC Extension (macOS) */,
			);
		};
/* End PBXProject section */

/* Begin PBXResourcesBuildPhase section */
		B4D2C8472F9F745400CC1C7A /* Resources */ = {
			isa = PBXResourcesBuildPhase;
			buildActionMask = 2147483647;
			files = (
			);
			runOnlyForDeploymentPostprocessing = 0;
		};
		B4D2C8592F9F745400CC1C7A /* Resources */ = {
			isa = PBXResourcesBuildPhase;
			buildActionMask = 2147483647;
			files = (
			);
			runOnlyForDeploymentPostprocessing = 0;
		};
		B4D2C8642F9F745400CC1C7A /* Resources */ = {
			isa = PBXResourcesBuildPhase;
			buildActionMask = 2147483647;
			files = (
			);
			runOnlyForDeploymentPostprocessing = 0;
		};
		B4D2C86E2F9F745400CC1C7A /* Resources */ = {
			isa = PBXResourcesBuildPhase;
			buildActionMask = 2147483647;
			files = (
			);
			runOnlyForDeploymentPostprocessing = 0;
		};
/* End PBXResourcesBuildPhase section */

/* Begin PBXSourcesBuildPhase section */
		B4D2C8452F9F745400CC1C7A /* Sources */ = {
			isa = PBXSourcesBuildPhase;
			buildActionMask = 2147483647;
			files = (
			);
			runOnlyForDeploymentPostprocessing = 0;
		};
		B4D2C8572F9F745400CC1C7A /* Sources */ = {
			isa = PBXSourcesBuildPhase;
			buildActionMask = 2147483647;
			files = (
			);
			runOnlyForDeploymentPostprocessing = 0;
		};
		B4D2C8622F9F745400CC1C7A /* Sources */ = {
			isa = PBXSourcesBuildPhase;
			buildActionMask = 2147483647;
			files = (
			);
			runOnlyForDeploymentPostprocessing = 0;
		};
		B4D2C86C2F9F745400CC1C7A /* Sources */ = {
			isa = PBXSourcesBuildPhase;
			buildActionMask = 2147483647;
			files = (
			);
			runOnlyForDeploymentPostprocessing = 0;
		};
/* End PBXSourcesBuildPhase section */

/* Begin PBXTargetDependency section */
		B4D2C8692F9F745400CC1C7A /* PBXTargetDependency */ = {
			isa = PBXTargetDependency;
			target = B4D2C8652F9F745400CC1C7A /* OpenCC Extension (iOS) */;
			targetProxy = B4D2C8682F9F745400CC1C7A /* PBXContainerItemProxy */;
		};
		B4D2C8732F9F745400CC1C7A /* PBXTargetDependency */ = {
			isa = PBXTargetDependency;
			target = B4D2C86F2F9F745400CC1C7A /* OpenCC Extension (macOS) */;
			targetProxy = B4D2C8722F9F745400CC1C7A /* PBXContainerItemProxy */;
		};
/* End PBXTargetDependency section */

/* Begin XCBuildConfiguration section */
		B4D2C8962F9F745400CC1C7A /* Debug */ = {
			isa = XCBuildConfiguration;
			buildSettings = {
				CODE_SIGN_STYLE = Automatic;
				CURRENT_PROJECT_VERSION = 3;
				DEVELOPMENT_TEAM = UJK52W4D7G;
				GENERATE_INFOPLIST_FILE = YES;
				INFOPLIST_FILE = "iOS (Extension)/Info.plist";
				INFOPLIST_KEY_CFBundleDisplayName = "OpenCC Extension";
				INFOPLIST_KEY_NSHumanReadableCopyright = "";
				IPHONEOS_DEPLOYMENT_TARGET = 15.0;
				LD_RUNPATH_SEARCH_PATHS = (
					"$(inherited)",
					"@executable_path/Frameworks",
					"@executable_path/../../Frameworks",
				);
				MARKETING_VERSION = 1.0;
				OTHER_LDFLAGS = (
					"-framework",
					SafariServices,
				);
				PRODUCT_BUNDLE_IDENTIFIER = Vaida.app.OpenCC.Extension;
				PRODUCT_NAME = "OpenCC Extension";
				SDKROOT = iphoneos;
				SKIP_INSTALL = YES;
				STRING_CATALOG_GENERATE_SYMBOLS = YES;
				SWIFT_APPROACHABLE_CONCURRENCY = YES;
				SWIFT_EMIT_LOC_STRINGS = YES;
				SWIFT_UPCOMING_FEATURE_MEMBER_IMPORT_VISIBILITY = YES;
				SWIFT_VERSION = 5.0;
				TARGETED_DEVICE_FAMILY = "1,2";
			};
			name = Debug;
		};
		B4D2C8972F9F745400CC1C7A /* Release */ = {
			isa = XCBuildConfiguration;
			buildSettings = {
				CODE_SIGN_STYLE = Automatic;
				CURRENT_PROJECT_VERSION = 3;
				DEVELOPMENT_TEAM = UJK52W4D7G;
				GENERATE_INFOPLIST_FILE = YES;
				INFOPLIST_FILE = "iOS (Extension)/Info.plist";
				INFOPLIST_KEY_CFBundleDisplayName = "OpenCC Extension";
				INFOPLIST_KEY_NSHumanReadableCopyright = "";
				IPHONEOS_DEPLOYMENT_TARGET = 15.0;
				LD_RUNPATH_SEARCH_PATHS = (
					"$(inherited)",
					"@executable_path/Frameworks",
					"@executable_path/../../Frameworks",
				);
				MARKETING_VERSION = 1.0;
				OTHER_LDFLAGS = (
					"-framework",
					SafariServices,
				);
				PRODUCT_BUNDLE_IDENTIFIER = Vaida.app.OpenCC.Extension;
				PRODUCT_NAME = "OpenCC Extension";
				SDKROOT = iphoneos;
				SKIP_INSTALL = YES;
				STRING_CATALOG_GENERATE_SYMBOLS = YES;
				SWIFT_APPROACHABLE_CONCURRENCY = YES;
				SWIFT_EMIT_LOC_STRINGS = YES;
				SWIFT_UPCOMING_FEATURE_MEMBER_IMPORT_VISIBILITY = YES;
				SWIFT_VERSION = 5.0;
				TARGETED_DEVICE_FAMILY = "1,2";
				VALIDATE_PRODUCT = YES;
			};
			name = Release;
		};
		B4D2C89B2F9F745400CC1C7A /* Debug */ = {
			isa = XCBuildConfiguration;
			buildSettings = {
				ASSETCATALOG_COMPILER_APPICON_NAME = AppIcon;
				ASSETCATALOG_COMPILER_GLOBAL_ACCENT_COLOR_NAME = AccentColor;
				CODE_SIGN_STYLE = Automatic;
				CURRENT_PROJECT_VERSION = 3;
				DEVELOPMENT_TEAM = UJK52W4D7G;
				GENERATE_INFOPLIST_FILE = YES;
				INFOPLIST_FILE = "iOS (App)/Info.plist";
				INFOPLIST_KEY_CFBundleDisplayName = OpenCC;
				INFOPLIST_KEY_ITSAppUsesNonExemptEncryption = NO;
				INFOPLIST_KEY_LSApplicationCategoryType = "public.app-category.utilities";
				INFOPLIST_KEY_UIApplicationSupportsIndirectInputEvents = YES;
				INFOPLIST_KEY_UILaunchStoryboardName = LaunchScreen;
				INFOPLIST_KEY_UIMainStoryboardFile = Main;
				INFOPLIST_KEY_UISupportedInterfaceOrientations = "UIInterfaceOrientationPortrait UIInterfaceOrientationLandscapeLeft UIInterfaceOrientationLandscapeRight";
				INFOPLIST_KEY_UISupportedInterfaceOrientations_iPad = "UIInterfaceOrientationPortrait UIInterfaceOrientationPortraitUpsideDown UIInterfaceOrientationLandscapeLeft UIInterfaceOrientationLandscapeRight";
				IPHONEOS_DEPLOYMENT_TARGET = 15.0;
				LD_RUNPATH_SEARCH_PATHS = (
					"$(inherited)",
					"@executable_path/Frameworks",
				);
				MARKETING_VERSION = 1.0;
				OTHER_LDFLAGS = (
					"-framework",
					SafariServices,
					"-framework",
					WebKit,
				);
				PRODUCT_BUNDLE_IDENTIFIER = Vaida.app.OpenCC;
				PRODUCT_NAME = OpenCC;
				SDKROOT = iphoneos;
				STRING_CATALOG_GENERATE_SYMBOLS = YES;
				SUPPORTED_PLATFORMS = "iphoneos iphonesimulator";
				SUPPORTS_MACCATALYST = NO;
				SUPPORTS_MAC_DESIGNED_FOR_IPHONE_IPAD = NO;
				SWIFT_APPROACHABLE_CONCURRENCY = YES;
				SWIFT_DEFAULT_ACTOR_ISOLATION = MainActor;
				SWIFT_EMIT_LOC_STRINGS = YES;
				SWIFT_UPCOMING_FEATURE_MEMBER_IMPORT_VISIBILITY = YES;
				SWIFT_VERSION = 5.0;
				TARGETED_DEVICE_FAMILY = "1,2";
			};
			name = Debug;
		};
		B4D2C89C2F9F745400CC1C7A /* Release */ = {
			isa = XCBuildConfiguration;
			buildSettings = {
				ASSETCATALOG_COMPILER_APPICON_NAME = AppIcon;
				ASSETCATALOG_COMPILER_GLOBAL_ACCENT_COLOR_NAME = AccentColor;
				CODE_SIGN_STYLE = Automatic;
				CURRENT_PROJECT_VERSION = 3;
				DEVELOPMENT_TEAM = UJK52W4D7G;
				GENERATE_INFOPLIST_FILE = YES;
				INFOPLIST_FILE = "iOS (App)/Info.plist";
				INFOPLIST_KEY_CFBundleDisplayName = OpenCC;
				INFOPLIST_KEY_ITSAppUsesNonExemptEncryption = NO;
				INFOPLIST_KEY_LSApplicationCategoryType = "public.app-category.utilities";
				INFOPLIST_KEY_UIApplicationSupportsIndirectInputEvents = YES;
				INFOPLIST_KEY_UILaunchStoryboardName = LaunchScreen;
				INFOPLIST_KEY_UIMainStoryboardFile = Main;
				INFOPLIST_KEY_UISupportedInterfaceOrientations = "UIInterfaceOrientationPortrait UIInterfaceOrientationLandscapeLeft UIInterfaceOrientationLandscapeRight";
				INFOPLIST_KEY_UISupportedInterfaceOrientations_iPad = "UIInterfaceOrientationPortrait UIInterfaceOrientationPortraitUpsideDown UIInterfaceOrientationLandscapeLeft UIInterfaceOrientationLandscapeRight";
				IPHONEOS_DEPLOYMENT_TARGET = 15.0;
				LD_RUNPATH_SEARCH_PATHS = (
					"$(inherited)",
					"@executable_path/Frameworks",
				);
				MARKETING_VERSION = 1.0;
				OTHER_LDFLAGS = (
					"-framework",
					SafariServices,
					"-framework",
					WebKit,
				);
				PRODUCT_BUNDLE_IDENTIFIER = Vaida.app.OpenCC;
				PRODUCT_NAME = OpenCC;
				SDKROOT = iphoneos;
				STRING_CATALOG_GENERATE_SYMBOLS = YES;
				SUPPORTED_PLATFORMS = "iphoneos iphonesimulator";
				SUPPORTS_MACCATALYST = NO;
				SUPPORTS_MAC_DESIGNED_FOR_IPHONE_IPAD = NO;
				SWIFT_APPROACHABLE_CONCURRENCY = YES;
				SWIFT_DEFAULT_ACTOR_ISOLATION = MainActor;
				SWIFT_EMIT_LOC_STRINGS = YES;
				SWIFT_UPCOMING_FEATURE_MEMBER_IMPORT_VISIBILITY = YES;
				SWIFT_VERSION = 5.0;
				TARGETED_DEVICE_FAMILY = "1,2";
				VALIDATE_PRODUCT = YES;
			};
			name = Release;
		};
		B4D2C8A02F9F745400CC1C7A /* Debug */ = {
			isa = XCBuildConfiguration;
			buildSettings = {
				CODE_SIGN_STYLE = Automatic;
				CURRENT_PROJECT_VERSION = 3;
				DEVELOPMENT_TEAM = UJK52W4D7G;
				ENABLE_APP_SANDBOX = YES;
				ENABLE_HARDENED_RUNTIME = YES;
				ENABLE_USER_SELECTED_FILES = readonly;
				GENERATE_INFOPLIST_FILE = YES;
				INFOPLIST_FILE = "macOS (Extension)/Info.plist";
				INFOPLIST_KEY_CFBundleDisplayName = "OpenCC Extension";
				INFOPLIST_KEY_NSHumanReadableCopyright = "";
				LD_RUNPATH_SEARCH_PATHS = (
					"$(inherited)",
					"@executable_path/../Frameworks",
					"@executable_path/../../../../Frameworks",
				);
				MACOSX_DEPLOYMENT_TARGET = 15;
				MARKETING_VERSION = 1.0;
				OTHER_LDFLAGS = (
					"-framework",
					SafariServices,
				);
				PRODUCT_BUNDLE_IDENTIFIER = Vaida.app.OpenCC.Extension;
				PRODUCT_NAME = "OpenCC Extension";
				SDKROOT = macosx;
				SKIP_INSTALL = YES;
				STRING_CATALOG_GENERATE_SYMBOLS = YES;
				SWIFT_APPROACHABLE_CONCURRENCY = YES;
				SWIFT_EMIT_LOC_STRINGS = YES;
				SWIFT_UPCOMING_FEATURE_MEMBER_IMPORT_VISIBILITY = YES;
				SWIFT_VERSION = 5.0;
			};
			name = Debug;
		};
		B4D2C8A12F9F745400CC1C7A /* Release */ = {
			isa = XCBuildConfiguration;
			buildSettings = {
				CODE_SIGN_STYLE = Automatic;
				CURRENT_PROJECT_VERSION = 3;
				DEVELOPMENT_TEAM = UJK52W4D7G;
				ENABLE_APP_SANDBOX = YES;
				ENABLE_HARDENED_RUNTIME = YES;
				ENABLE_USER_SELECTED_FILES = readonly;
				GENERATE_INFOPLIST_FILE = YES;
				INFOPLIST_FILE = "macOS (Extension)/Info.plist";
				INFOPLIST_KEY_CFBundleDisplayName = "OpenCC Extension";
				INFOPLIST_KEY_NSHumanReadableCopyright = "";
				LD_RUNPATH_SEARCH_PATHS = (
					"$(inherited)",
					"@executable_path/../Frameworks",
					"@executable_path/../../../../Frameworks",
				);
				MACOSX_DEPLOYMENT_TARGET = 15;
				MARKETING_VERSION = 1.0;
				OTHER_LDFLAGS = (
					"-framework",
					SafariServices,
				);
				PRODUCT_BUNDLE_IDENTIFIER = Vaida.app.OpenCC.Extension;
				PRODUCT_NAME = "OpenCC Extension";
				SDKROOT = macosx;
				SKIP_INSTALL = YES;
				STRING_CATALOG_GENERATE_SYMBOLS = YES;
				SWIFT_APPROACHABLE_CONCURRENCY = YES;
				SWIFT_EMIT_LOC_STRINGS = YES;
				SWIFT_UPCOMING_FEATURE_MEMBER_IMPORT_VISIBILITY = YES;
				SWIFT_VERSION = 5.0;
			};
			name = Release;
		};
		B4D2C8A52F9F745400CC1C7A /* Debug */ = {
			isa = XCBuildConfiguration;
			buildSettings = {
				ASSETCATALOG_COMPILER_APPICON_NAME = AppIcon;
				ASSETCATALOG_COMPILER_GLOBAL_ACCENT_COLOR_NAME = AccentColor;
				CODE_SIGN_STYLE = Automatic;
				CURRENT_PROJECT_VERSION = 3;
				DEVELOPMENT_TEAM = UJK52W4D7G;
				ENABLE_APP_SANDBOX = YES;
				ENABLE_HARDENED_RUNTIME = YES;
				ENABLE_INCOMING_NETWORK_CONNECTIONS = NO;
				ENABLE_OUTGOING_NETWORK_CONNECTIONS = NO;
				ENABLE_RESOURCE_ACCESS_AUDIO_INPUT = NO;
				ENABLE_RESOURCE_ACCESS_BLUETOOTH = NO;
				ENABLE_RESOURCE_ACCESS_CALENDARS = NO;
				ENABLE_RESOURCE_ACCESS_CAMERA = NO;
				ENABLE_RESOURCE_ACCESS_CONTACTS = NO;
				ENABLE_RESOURCE_ACCESS_LOCATION = NO;
				ENABLE_RESOURCE_ACCESS_PRINTING = NO;
				ENABLE_RESOURCE_ACCESS_USB = NO;
				GENERATE_INFOPLIST_FILE = YES;
				INFOPLIST_FILE = "OpenCC--macOS--Info.plist";
				INFOPLIST_KEY_CFBundleDisplayName = OpenCC;
				INFOPLIST_KEY_ITSAppUsesNonExemptEncryption = NO;
				INFOPLIST_KEY_LSApplicationCategoryType = "public.app-category.utilities";
				INFOPLIST_KEY_NSMainStoryboardFile = Main;
				INFOPLIST_KEY_NSPrincipalClass = NSApplication;
				LD_RUNPATH_SEARCH_PATHS = (
					"$(inherited)",
					"@executable_path/../Frameworks",
				);
				MACOSX_DEPLOYMENT_TARGET = 15;
				MARKETING_VERSION = 1.0;
				OTHER_LDFLAGS = (
					"-framework",
					SafariServices,
					"-framework",
					WebKit,
				);
				PRODUCT_BUNDLE_IDENTIFIER = Vaida.app.OpenCC;
				PRODUCT_NAME = OpenCC;
				REGISTER_APP_GROUPS = YES;
				SDKROOT = macosx;
				STRING_CATALOG_GENERATE_SYMBOLS = YES;
				SWIFT_APPROACHABLE_CONCURRENCY = YES;
				SWIFT_DEFAULT_ACTOR_ISOLATION = MainActor;
				SWIFT_EMIT_LOC_STRINGS = YES;
				SWIFT_UPCOMING_FEATURE_MEMBER_IMPORT_VISIBILITY = YES;
				SWIFT_VERSION = 5.0;
			};
			name = Debug;
		};
		B4D2C8A62F9F745400CC1C7A /* Release */ = {
			isa = XCBuildConfiguration;
			buildSettings = {
				ASSETCATALOG_COMPILER_APPICON_NAME = AppIcon;
				ASSETCATALOG_COMPILER_GLOBAL_ACCENT_COLOR_NAME = AccentColor;
				CODE_SIGN_STYLE = Automatic;
				CURRENT_PROJECT_VERSION = 3;
				DEVELOPMENT_TEAM = UJK52W4D7G;
				ENABLE_APP_SANDBOX = YES;
				ENABLE_HARDENED_RUNTIME = YES;
				ENABLE_INCOMING_NETWORK_CONNECTIONS = NO;
				ENABLE_OUTGOING_NETWORK_CONNECTIONS = NO;
				ENABLE_RESOURCE_ACCESS_AUDIO_INPUT = NO;
				ENABLE_RESOURCE_ACCESS_BLUETOOTH = NO;
				ENABLE_RESOURCE_ACCESS_CALENDARS = NO;
				ENABLE_RESOURCE_ACCESS_CAMERA = NO;
				ENABLE_RESOURCE_ACCESS_CONTACTS = NO;
				ENABLE_RESOURCE_ACCESS_LOCATION = NO;
				ENABLE_RESOURCE_ACCESS_PRINTING = NO;
				ENABLE_RESOURCE_ACCESS_USB = NO;
				GENERATE_INFOPLIST_FILE = YES;
				INFOPLIST_FILE = "OpenCC--macOS--Info.plist";
				INFOPLIST_KEY_CFBundleDisplayName = OpenCC;
				INFOPLIST_KEY_ITSAppUsesNonExemptEncryption = NO;
				INFOPLIST_KEY_LSApplicationCategoryType = "public.app-category.utilities";
				INFOPLIST_KEY_NSMainStoryboardFile = Main;
				INFOPLIST_KEY_NSPrincipalClass = NSApplication;
				LD_RUNPATH_SEARCH_PATHS = (
					"$(inherited)",
					"@executable_path/../Frameworks",
				);
				MACOSX_DEPLOYMENT_TARGET = 15;
				MARKETING_VERSION = 1.0;
				OTHER_LDFLAGS = (
					"-framework",
					SafariServices,
					"-framework",
					WebKit,
				);
				PRODUCT_BUNDLE_IDENTIFIER = Vaida.app.OpenCC;
				PRODUCT_NAME = OpenCC;
				REGISTER_APP_GROUPS = YES;
				SDKROOT = macosx;
				STRING_CATALOG_GENERATE_SYMBOLS = YES;
				SWIFT_APPROACHABLE_CONCURRENCY = YES;
				SWIFT_DEFAULT_ACTOR_ISOLATION = MainActor;
				SWIFT_EMIT_LOC_STRINGS = YES;
				SWIFT_UPCOMING_FEATURE_MEMBER_IMPORT_VISIBILITY = YES;
				SWIFT_VERSION = 5.0;
			};
			name = Release;
		};
		B4D2C8A92F9F745400CC1C7A /* Debug */ = {
			isa = XCBuildConfiguration;
			buildSettings = {
				ALWAYS_SEARCH_USER_PATHS = NO;
				ASSETCATALOG_COMPILER_GENERATE_SWIFT_ASSET_SYMBOL_EXTENSIONS = YES;
				CLANG_ANALYZER_NONNULL = YES;
				CLANG_ANALYZER_NUMBER_OBJECT_CONVERSION = YES_AGGRESSIVE;
				CLANG_CXX_LANGUAGE_STANDARD = "gnu++20";
				CLANG_ENABLE_MODULES = YES;
				CLANG_ENABLE_OBJC_ARC = YES;
				CLANG_ENABLE_OBJC_WEAK = YES;
				CLANG_WARN_BLOCK_CAPTURE_AUTORELEASING = YES;
				CLANG_WARN_BOOL_CONVERSION = YES;
				CLANG_WARN_COMMA = YES;
				CLANG_WARN_CONSTANT_CONVERSION = YES;
				CLANG_WARN_DEPRECATED_OBJC_IMPLEMENTATIONS = YES;
				CLANG_WARN_DIRECT_OBJC_ISA_USAGE = YES_ERROR;
				CLANG_WARN_DOCUMENTATION_COMMENTS = YES;
				CLANG_WARN_EMPTY_BODY = YES;
				CLANG_WARN_ENUM_CONVERSION = YES;
				CLANG_WARN_INFINITE_RECURSION = YES;
				CLANG_WARN_INT_CONVERSION = YES;
				CLANG_WARN_NON_LITERAL_NULL_CONVERSION = YES;
				CLANG_WARN_OBJC_IMPLICIT_RETAIN_SELF = YES;
				CLANG_WARN_OBJC_LITERAL_CONVERSION = YES;
				CLANG_WARN_OBJC_ROOT_CLASS = YES_ERROR;
				CLANG_WARN_QUOTED_INCLUDE_IN_FRAMEWORK_HEADER = YES;
				CLANG_WARN_RANGE_LOOP_ANALYSIS = YES;
				CLANG_WARN_STRICT_PROTOTYPES = YES;
				CLANG_WARN_SUSPICIOUS_MOVE = YES;
				CLANG_WARN_UNGUARDED_AVAILABILITY = YES_AGGRESSIVE;
				CLANG_WARN_UNREACHABLE_CODE = YES;
				CLANG_WARN__DUPLICATE_METHOD_MATCH = YES;
				COPY_PHASE_STRIP = NO;
				DEBUG_INFORMATION_FORMAT = dwarf;
				DEVELOPMENT_TEAM = UJK52W4D7G;
				ENABLE_STRICT_OBJC_MSGSEND = YES;
				ENABLE_TESTABILITY = YES;
				ENABLE_USER_SCRIPT_SANDBOXING = YES;
				GCC_C_LANGUAGE_STANDARD = gnu17;
				GCC_DYNAMIC_NO_PIC = NO;
				GCC_NO_COMMON_BLOCKS = YES;
				GCC_OPTIMIZATION_LEVEL = 0;
				GCC_PREPROCESSOR_DEFINITIONS = (
					"DEBUG=1",
					"$(inherited)",
				);
				GCC_WARN_64_TO_32_BIT_CONVERSION = YES;
				GCC_WARN_ABOUT_RETURN_TYPE = YES_ERROR;
				GCC_WARN_UNDECLARED_SELECTOR = YES;
				GCC_WARN_UNINITIALIZED_AUTOS = YES_AGGRESSIVE;
				GCC_WARN_UNUSED_FUNCTION = YES;
				GCC_WARN_UNUSED_VARIABLE = YES;
				LOCALIZATION_PREFERS_STRING_CATALOGS = YES;
				MTL_ENABLE_DEBUG_INFO = INCLUDE_SOURCE;
				MTL_FAST_MATH = YES;
				ONLY_ACTIVE_ARCH = YES;
				SWIFT_ACTIVE_COMPILATION_CONDITIONS = "DEBUG $(inherited)";
				SWIFT_EMIT_LOC_STRINGS = YES;
				SWIFT_OPTIMIZATION_LEVEL = "-Onone";
			};
			name = Debug;
		};
		B4D2C8AA2F9F745400CC1C7A /* Release */ = {
			isa = XCBuildConfiguration;
			buildSettings = {
				ALWAYS_SEARCH_USER_PATHS = NO;
				ASSETCATALOG_COMPILER_GENERATE_SWIFT_ASSET_SYMBOL_EXTENSIONS = YES;
				CLANG_ANALYZER_NONNULL = YES;
				CLANG_ANALYZER_NUMBER_OBJECT_CONVERSION = YES_AGGRESSIVE;
				CLANG_CXX_LANGUAGE_STANDARD = "gnu++20";
				CLANG_ENABLE_MODULES = YES;
				CLANG_ENABLE_OBJC_ARC = YES;
				CLANG_ENABLE_OBJC_WEAK = YES;
				CLANG_WARN_BLOCK_CAPTURE_AUTORELEASING = YES;
				CLANG_WARN_BOOL_CONVERSION = YES;
				CLANG_WARN_COMMA = YES;
				CLANG_WARN_CONSTANT_CONVERSION = YES;
				CLANG_WARN_DEPRECATED_OBJC_IMPLEMENTATIONS = YES;
				CLANG_WARN_DIRECT_OBJC_ISA_USAGE = YES_ERROR;
				CLANG_WARN_DOCUMENTATION_COMMENTS = YES;
				CLANG_WARN_EMPTY_BODY = YES;
				CLANG_WARN_ENUM_CONVERSION = YES;
				CLANG_WARN_INFINITE_RECURSION = YES;
				CLANG_WARN_INT_CONVERSION = YES;
				CLANG_WARN_NON_LITERAL_NULL_CONVERSION = YES;
				CLANG_WARN_OBJC_IMPLICIT_RETAIN_SELF = YES;
				CLANG_WARN_OBJC_LITERAL_CONVERSION = YES;
				CLANG_WARN_OBJC_ROOT_CLASS = YES_ERROR;
				CLANG_WARN_QUOTED_INCLUDE_IN_FRAMEWORK_HEADER = YES;
				CLANG_WARN_RANGE_LOOP_ANALYSIS = YES;
				CLANG_WARN_STRICT_PROTOTYPES = YES;
				CLANG_WARN_SUSPICIOUS_MOVE = YES;
				CLANG_WARN_UNGUARDED_AVAILABILITY = YES_AGGRESSIVE;
				CLANG_WARN_UNREACHABLE_CODE = YES;
				CLANG_WARN__DUPLICATE_METHOD_MATCH = YES;
				COPY_PHASE_STRIP = NO;
				DEBUG_INFORMATION_FORMAT = "dwarf-with-dsym";
				DEVELOPMENT_TEAM = UJK52W4D7G;
				ENABLE_NS_ASSERTIONS = NO;
				ENABLE_STRICT_OBJC_MSGSEND = YES;
				ENABLE_USER_SCRIPT_SANDBOXING = YES;
				GCC_C_LANGUAGE_STANDARD = gnu17;
				GCC_NO_COMMON_BLOCKS = YES;
				GCC_WARN_64_TO_32_BIT_CONVERSION = YES;
				GCC_WARN_ABOUT_RETURN_TYPE = YES_ERROR;
				GCC_WARN_UNDECLARED_SELECTOR = YES;
				GCC_WARN_UNINITIALIZED_AUTOS = YES_AGGRESSIVE;
				GCC_WARN_UNUSED_FUNCTION = YES;
				GCC_WARN_UNUSED_VARIABLE = YES;
				LOCALIZATION_PREFERS_STRING_CATALOGS = YES;
				MTL_ENABLE_DEBUG_INFO = NO;
				MTL_FAST_MATH = YES;
				SWIFT_COMPILATION_MODE = wholemodule;
				SWIFT_EMIT_LOC_STRINGS = YES;
			};
			name = Release;
		};
/* End XCBuildConfiguration section */

/* Begin XCConfigurationList section */
		B4D2C8302F9F745300CC1C7A /* Build configuration list for PBXProject "OpenCC" */ = {
			isa = XCConfigurationList;
			buildConfigurations = (
				B4D2C8A92F9F745400CC1C7A /* Debug */,
				B4D2C8AA2F9F745400CC1C7A /* Release */,
			);
			defaultConfigurationIsVisible = 0;
			defaultConfigurationName = Release;
		};
		B4D2C8952F9F745400CC1C7A /* Build configuration list for PBXNativeTarget "OpenCC Extension (iOS)" */ = {
			isa = XCConfigurationList;
			buildConfigurations = (
				B4D2C8962F9F745400CC1C7A /* Debug */,
				B4D2C8972F9F745400CC1C7A /* Release */,
			);
			defaultConfigurationIsVisible = 0;
			defaultConfigurationName = Release;
		};
		B4D2C89A2F9F745400CC1C7A /* Build configuration list for PBXNativeTarget "OpenCC (iOS)" */ = {
			isa = XCConfigurationList;
			buildConfigurations = (
				B4D2C89B2F9F745400CC1C7A /* Debug */,
				B4D2C89C2F9F745400CC1C7A /* Release */,
			);
			defaultConfigurationIsVisible = 0;
			defaultConfigurationName = Release;
		};
		B4D2C89F2F9F745400CC1C7A /* Build configuration list for PBXNativeTarget "OpenCC Extension (macOS)" */ = {
			isa = XCConfigurationList;
			buildConfigurations = (
				B4D2C8A02F9F745400CC1C7A /* Debug */,
				B4D2C8A12F9F745400CC1C7A /* Release */,
			);
			defaultConfigurationIsVisible = 0;
			defaultConfigurationName = Release;
		};
		B4D2C8A42F9F745400CC1C7A /* Build configuration list for PBXNativeTarget "OpenCC (macOS)" */ = {
			isa = XCConfigurationList;
			buildConfigurations = (
				B4D2C8A52F9F745400CC1C7A /* Debug */,
				B4D2C8A62F9F745400CC1C7A /* Release */,
			);
			defaultConfigurationIsVisible = 0;
			defaultConfigurationName = Release;
		};
/* End XCConfigurationList section */
	};
	rootObject = B4D2C82D2F9F745300CC1C7A /* Project object */;
}
